
Microsoft Visual Studio Solution File, Format Version 12.00
# Visual Studio Version 17
VisualStudioVersion = 17.3.32901.215
MinimumVisualStudioVersion = 10.0.40219.1
Project("{8BC9CEB8-8B4A-11D0-8D11-00A0C91BC942}") = "파일경로", "파일경로.vcxproj", "{4727792B-84FC-4AE0-858C-17B98DD4FCED}"
EndProject
Global
	GlobalSection(SolutionConfigurationPlatforms) = preSolution
		Debug|x64 = Debug|x64
		Debug|x86 = Debug|x86
		Release|x64 = Release|x64
		Release|x86 = Release|x86
	EndGlobalSection
	GlobalSection(ProjectConfigurationPlatforms) = postSolution
		{4727792B-84FC-4AE0-858C-17B98DD4FCED}.Debug|x64.ActiveCfg = Debug|x64
		{4727792B-84FC-4AE0-858C-17B98DD4FCED}.Debug|x64.Build.0 = Debug|x64
		{4727792B-84FC-4AE0-858C-17B98DD4FCED}.Debug|x86.ActiveCfg = Debug|Win32
		{4727792B-84FC-4AE0-858C-17B98DD4FCED}.Debug|x86.Build.0 = Debug|Win32
		{4727792B-84FC-4AE0-858C-17B98DD4FCED}.Release|x64.ActiveCfg = Release|x64
		{4727792B-84FC-4AE0-858C-17B98DD4FCED}.Release|x64.Build.0 = Release|x64
		{4727792B-84FC-4AE0-858C-17B98DD4FCED}.Release|x86.ActiveCfg = Release|Win32
		{4727792B-84FC-4AE0-858C-17B98DD4FCED}.Release|x86.Build.0 = Release|Win32
	EndGlobalSection
	GlobalSection(SolutionProperties) = preSolution
		HideSolutionNode = FALSE
	EndGlobalSection
	GlobalSection(ExtensibilityGlobals) = postSolution
		SolutionGuid = {A247A750-AA1E-4543-B4E1-2067487D839A}
	EndGlobalSection
EndGlobal
